dependencies:
- name: argo-cd
  repository: https://argoproj.github.io/argo-helm
  version: 8.0.16
- name: argocd-apps
  repository: https://argoproj.github.io/argo-helm
  version: 2.0.2
digest: sha256:12e185f7a8693edea076e7084e2517e9edd3e7efc1d6241d3a7fabfe23ec9c30
generated: "2025-08-04T16:21:58.601736+02:00"
